
Microsoft Visual Studio Solution File, Format Version 12.00
# Visual Studio Version 17
VisualStudioVersion = 17.0.31919.166
MinimumVisualStudioVersion = 10.0.40219.1
Project("{FAE04EC0-301F-11D3-BF4B-00C04F79EFBC}") = "PDFtoCSVConsoleApp", "ConsoleApp1ReadPDFFile\PDFtoCSVConsoleApp.csproj", "{CA664EE1-67C2-46D4-8B3A-A5512998BF31}"
EndProject
Global
	GlobalSection(SolutionConfigurationPlatforms) = preSolution
		Debug|Any CPU = Debug|Any CPU
		Release|Any CPU = Release|Any CPU
	EndGlobalSection
	GlobalSection(ProjectConfigurationPlatforms) = postSolution
		{CA664EE1-67C2-46D4-8B3A-A5512998BF31}.Debug|Any CPU.ActiveCfg = Debug|Any CPU
		{CA664EE1-67C2-46D4-8B3A-A5512998BF31}.Debug|Any CPU.Build.0 = Debug|Any CPU
		{CA664EE1-67C2-46D4-8B3A-A5512998BF31}.Release|Any CPU.ActiveCfg = Release|Any CPU
		{CA664EE1-67C2-46D4-8B3A-A5512998BF31}.Release|Any CPU.Build.0 = Release|Any CPU
	EndGlobalSection
	GlobalSection(SolutionProperties) = preSolution
		HideSolutionNode = FALSE
	EndGlobalSection
	GlobalSection(ExtensibilityGlobals) = postSolution
		SolutionGuid = {536DABDA-A62B-4C4B-8D52-B3ED4E79CF61}
	EndGlobalSection
EndGlobal
